
Microsoft Visual Studio Solution File, Format Version 12.00
# Blend for Visual Studio Version 17
VisualStudioVersion = 17.4.33213.308
MinimumVisualStudioVersion = 10.0.40219.1
Project("{FAE04EC0-301F-11D3-BF4B-00C04F79EFBC}") = "WpfApp11-2", "WpfApp11-2\WpfApp11-2.csproj", "{3346D70D-086C-4850-85EF-7B1FF6AA35FF}"
EndProject
Global
	GlobalSection(SolutionConfigurationPlatforms) = preSolution
		Debug|Any CPU = Debug|Any CPU
		Release|Any CPU = Release|Any CPU
	EndGlobalSection
	GlobalSection(ProjectConfigurationPlatforms) = postSolution
		{3346D70D-086C-4850-85EF-7B1FF6AA35FF}.Debug|Any CPU.ActiveCfg = Debug|Any CPU
		{3346D70D-086C-4850-85EF-7B1FF6AA35FF}.Debug|Any CPU.Build.0 = Debug|Any CPU
		{3346D70D-086C-4850-85EF-7B1FF6AA35FF}.Release|Any CPU.ActiveCfg = Release|Any CPU
		{3346D70D-086C-4850-85EF-7B1FF6AA35FF}.Release|Any CPU.Build.0 = Release|Any CPU
	EndGlobalSection
	GlobalSection(SolutionProperties) = preSolution
		HideSolutionNode = FALSE
	EndGlobalSection
	GlobalSection(ExtensibilityGlobals) = postSolution
		SolutionGuid = {962F43CD-6739-43CE-B8CA-75527BDFCD63}
	EndGlobalSection
EndGlobal
